
Microsoft Visual Studio Solution File, Format Version 12.00
# Visual Studio 15
VisualStudioVersion = 15.0.28307.757
MinimumVisualStudioVersion = 10.0.40219.1
Project("{FAE04EC0-301F-11D3-BF4B-00C04F79EFBC}") = "TodoApi", "TodoApi\TodoApi.csproj", "{57B6DCE9-76A6-4345-8194-01B79639B449}"
EndProject
Global
	GlobalSection(SolutionConfigurationPlatforms) = preSolution
		Debug|Any CPU = Debug|Any CPU
		Release|Any CPU = Release|Any CPU
	EndGlobalSection
	GlobalSection(ProjectConfigurationPlatforms) = postSolution
		{57B6DCE9-76A6-4345-8194-01B79639B449}.Debug|Any CPU.ActiveCfg = Debug|Any CPU
		{57B6DCE9-76A6-4345-8194-01B79639B449}.Debug|Any CPU.Build.0 = Debug|Any CPU
		{57B6DCE9-76A6-4345-8194-01B79639B449}.Release|Any CPU.ActiveCfg = Release|Any CPU
		{57B6DCE9-76A6-4345-8194-01B79639B449}.Release|Any CPU.Build.0 = Release|Any CPU
	EndGlobalSection
	GlobalSection(SolutionProperties) = preSolution
		HideSolutionNode = FALSE
	EndGlobalSection
	GlobalSection(ExtensibilityGlobals) = postSolution
		SolutionGuid = {A44AE71C-1D4F-408F-A1F6-F0AF30FA6141}
	EndGlobalSection
EndGlobal
